
Microsoft Visual Studio Solution File, Format Version 12.00
# Visual Studio Version 16
VisualStudioVersion = 16.0.30320.27
MinimumVisualStudioVersion = 10.0.40219.1
Project("{8BC9CEB8-8B4A-11D0-8D11-00A0C91BC942}") = "work-10", "work-10\work-10.vcxproj", "{BE20F25B-EBDF-40E0-BD6D-A2A6DC30868F}"
EndProject
Global
	GlobalSection(SolutionConfigurationPlatforms) = preSolution
		Debug|x64 = Debug|x64
		Debug|x86 = Debug|x86
		Release|x64 = Release|x64
		Release|x86 = Release|x86
	EndGlobalSection
	GlobalSection(ProjectConfigurationPlatforms) = postSolution
		{BE20F25B-EBDF-40E0-BD6D-A2A6DC30868F}.Debug|x64.ActiveCfg = Debug|x64
		{BE20F25B-EBDF-40E0-BD6D-A2A6DC30868F}.Debug|x64.Build.0 = Debug|x64
		{BE20F25B-EBDF-40E0-BD6D-A2A6DC30868F}.Debug|x86.ActiveCfg = Debug|Win32
		{BE20F25B-EBDF-40E0-BD6D-A2A6DC30868F}.Debug|x86.Build.0 = Debug|Win32
		{BE20F25B-EBDF-40E0-BD6D-A2A6DC30868F}.Release|x64.ActiveCfg = Release|x64
		{BE20F25B-EBDF-40E0-BD6D-A2A6DC30868F}.Release|x64.Build.0 = Release|x64
		{BE20F25B-EBDF-40E0-BD6D-A2A6DC30868F}.Release|x86.ActiveCfg = Release|Win32
		{BE20F25B-EBDF-40E0-BD6D-A2A6DC30868F}.Release|x86.Build.0 = Release|Win32
	EndGlobalSection
	GlobalSection(SolutionProperties) = preSolution
		HideSolutionNode = FALSE
	EndGlobalSection
	GlobalSection(ExtensibilityGlobals) = postSolution
		SolutionGuid = {17247883-E67C-44FB-8681-5E2F45450E99}
	EndGlobalSection
EndGlobal
